
Microsoft Visual Studio Solution File, Format Version 12.00
# Visual Studio Version 16
VisualStudioVersion = 16.0.31019.35
MinimumVisualStudioVersion = 10.0.40219.1
Project("{FAE04EC0-301F-11D3-BF4B-00C04F79EFBC}") = "lab05", "lab05\lab05.csproj", "{99D7C4B7-F8B4-4F6E-BD00-9FA88A721266}"
EndProject
Global
	GlobalSection(SolutionConfigurationPlatforms) = preSolution
		Debug|Any CPU = Debug|Any CPU
		Release|Any CPU = Release|Any CPU
	EndGlobalSection
	GlobalSection(ProjectConfigurationPlatforms) = postSolution
		{99D7C4B7-F8B4-4F6E-BD00-9FA88A721266}.Debug|Any CPU.ActiveCfg = Debug|Any CPU
		{99D7C4B7-F8B4-4F6E-BD00-9FA88A721266}.Debug|Any CPU.Build.0 = Debug|Any CPU
		{99D7C4B7-F8B4-4F6E-BD00-9FA88A721266}.Release|Any CPU.ActiveCfg = Release|Any CPU
		{99D7C4B7-F8B4-4F6E-BD00-9FA88A721266}.Release|Any CPU.Build.0 = Release|Any CPU
	EndGlobalSection
	GlobalSection(SolutionProperties) = preSolution
		HideSolutionNode = FALSE
	EndGlobalSection
	GlobalSection(ExtensibilityGlobals) = postSolution
		SolutionGuid = {DD867534-E80D-462F-91C7-66E74A1AEFC4}
	EndGlobalSection
EndGlobal
