
Microsoft Visual Studio Solution File, Format Version 12.00
# Visual Studio Version 16
VisualStudioVersion = 16.0.31019.35
MinimumVisualStudioVersion = 10.0.40219.1
Project("{FAE04EC0-301F-11D3-BF4B-00C04F79EFBC}") = "Shop", "Shop\Shop.csproj", "{12E90AB9-7278-4C73-89B2-D0568960245A}"
EndProject
Global
	GlobalSection(SolutionConfigurationPlatforms) = preSolution
		Debug|Any CPU = Debug|Any CPU
		Release|Any CPU = Release|Any CPU
	EndGlobalSection
	GlobalSection(ProjectConfigurationPlatforms) = postSolution
		{12E90AB9-7278-4C73-89B2-D0568960245A}.Debug|Any CPU.ActiveCfg = Debug|Any CPU
		{12E90AB9-7278-4C73-89B2-D0568960245A}.Debug|Any CPU.Build.0 = Debug|Any CPU
		{12E90AB9-7278-4C73-89B2-D0568960245A}.Release|Any CPU.ActiveCfg = Release|Any CPU
		{12E90AB9-7278-4C73-89B2-D0568960245A}.Release|Any CPU.Build.0 = Release|Any CPU
	EndGlobalSection
	GlobalSection(SolutionProperties) = preSolution
		HideSolutionNode = FALSE
	EndGlobalSection
	GlobalSection(ExtensibilityGlobals) = postSolution
		SolutionGuid = {69D38347-8BF9-4882-A222-68D5A6D64BF0}
	EndGlobalSection
EndGlobal
