
Microsoft Visual Studio Solution File, Format Version 12.00
# Visual Studio Version 16
VisualStudioVersion = 16.0.31019.35
MinimumVisualStudioVersion = 10.0.40219.1
Project("{9A19103F-16F7-4668-BE54-9A1E7A4F7556}") = "OSiSP", "OSiSP\OSiSP.csproj", "{3EAD5E54-6678-4088-983C-471A7408205B}"
EndProject
Project("{9A19103F-16F7-4668-BE54-9A1E7A4F7556}") = "AboutApp", "AboutApp\AboutApp.csproj", "{5D8521A3-7BBA-4CEC-9B57-E84A9627BA7B}"
EndProject
Project("{9A19103F-16F7-4668-BE54-9A1E7A4F7556}") = "SumForThePeriod", "SumForThePeriod\SumForThePeriod.csproj", "{4E9B7A9D-2D0D-4229-A608-4BE134E593EA}"
EndProject
Global
	GlobalSection(SolutionConfigurationPlatforms) = preSolution
		Debug|Any CPU = Debug|Any CPU
		Release|Any CPU = Release|Any CPU
	EndGlobalSection
	GlobalSection(ProjectConfigurationPlatforms) = postSolution
		{3EAD5E54-6678-4088-983C-471A7408205B}.Debug|Any CPU.ActiveCfg = Debug|Any CPU
		{3EAD5E54-6678-4088-983C-471A7408205B}.Debug|Any CPU.Build.0 = Debug|Any CPU
		{3EAD5E54-6678-4088-983C-471A7408205B}.Release|Any CPU.ActiveCfg = Release|Any CPU
		{3EAD5E54-6678-4088-983C-471A7408205B}.Release|Any CPU.Build.0 = Release|Any CPU
		{5D8521A3-7BBA-4CEC-9B57-E84A9627BA7B}.Debug|Any CPU.ActiveCfg = Debug|Any CPU
		{5D8521A3-7BBA-4CEC-9B57-E84A9627BA7B}.Debug|Any CPU.Build.0 = Debug|Any CPU
		{5D8521A3-7BBA-4CEC-9B57-E84A9627BA7B}.Release|Any CPU.ActiveCfg = Release|Any CPU
		{5D8521A3-7BBA-4CEC-9B57-E84A9627BA7B}.Release|Any CPU.Build.0 = Release|Any CPU
		{4E9B7A9D-2D0D-4229-A608-4BE134E593EA}.Debug|Any CPU.ActiveCfg = Debug|Any CPU
		{4E9B7A9D-2D0D-4229-A608-4BE134E593EA}.Debug|Any CPU.Build.0 = Debug|Any CPU
		{4E9B7A9D-2D0D-4229-A608-4BE134E593EA}.Release|Any CPU.ActiveCfg = Release|Any CPU
		{4E9B7A9D-2D0D-4229-A608-4BE134E593EA}.Release|Any CPU.Build.0 = Release|Any CPU
	EndGlobalSection
	GlobalSection(SolutionProperties) = preSolution
		HideSolutionNode = FALSE
	EndGlobalSection
	GlobalSection(ExtensibilityGlobals) = postSolution
		SolutionGuid = {CE8E62ED-E127-446D-8918-6F0C1B3748CF}
	EndGlobalSection
EndGlobal
